// !$*UTF8*$!
{
	archiveVersion = 1;
	classes = {
	};
	objectVersion = 48;
	objects = {

/* Begin PBXBuildFile section */
		B9B760922141F7160078364F /* AppDelegate.swift in Sources */ = {isa = PBXBuildFile; fileRef = B9B760912141F7160078364F /* AppDelegate.swift */; };
		B9B760942141F7160078364F /* ViewController.swift in Sources */ = {isa = PBXBuildFile; fileRef = B9B760932141F7160078364F /* ViewController.swift */; };
		B9B760972141F7160078364F /* Main.storyboard in Resources */ = {isa = PBXBuildFile; fileRef = B9B760952141F7160078364F /* Main.storyboard */; };
		B9B760992141F7160078364F /* Assets.xcassets in Resources */ = {isa = PBXBuildFile; fileRef = B9B760982141F7160078364F /* Assets.xcassets */; };
		B9B7609C2141F7160078364F /* LaunchScreen.storyboard in Resources */ = {isa = PBXBuildFile; fileRef = B9B7609A2141F7160078364F /* LaunchScreen.storyboard */; };
		B9B760A72141F7170078364F /* TumblrTests.swift in Sources */ = {isa = PBXBuildFile; fileRef = B9B760A62141F7170078364F /* TumblrTests.swift */; };
		B9B760B22141F7170078364F /* TumblrUITests.swift in Sources */ = {isa = PBXBuildFile; fileRef = B9B760B12141F7170078364F /* TumblrUITests.swift */; };
/* End PBXBuildFile section */

/* Begin PBXContainerItemProxy section */
		B9B760A32141F7170078364F /* PBXContainerItemProxy */ = {
			isa = PBXContainerItemProxy;
			containerPortal = B9B760862141F7160078364F /* Project object */;
			proxyType = 1;
			remoteGlobalIDString = B9B7608D2141F7160078364F;
			remoteInfo = Tumblr;
		};
		B9B760AE2141F7170078364F /* PBXContainerItemProxy */ = {
			isa = PBXContainerItemProxy;
			containerPortal = B9B760862141F7160078364F /* Project object */;
			proxyType = 1;
			remoteGlobalIDString = B9B7608D2141F7160078364F;
			remoteInfo = Tumblr;
		};
/* End PBXContainerItemProxy section */

/* Begin PBXFileReference section */
		B9B7608E2141F7160078364F /* Tumblr.app */ = {isa = PBXFileReference; explicitFileType = wrapper.application; includeInIndex = 0; path = Tumblr.app; sourceTree = BUILT_PRODUCTS_DIR; };
		B9B760912141F7160078364F /* AppDelegate.swift */ = {isa = PBXFileReference; lastKnownFileType = sourcecode.swift; path = AppDelegate.swift; sourceTree = "<group>"; };
		B9B760932141F7160078364F /* ViewController.swift */ = {isa = PBXFileReference; lastKnownFileType = sourcecode.swift; path = ViewController.swift; sourceTree = "<group>"; };
		B9B760962141F7160078364F /* Base */ = {isa = PBXFileReference; lastKnownFileType = file.storyboard; name = Base; path = Base.lproj/Main.storyboard; sourceTree = "<group>"; };
		B9B760982141F7160078364F /* Assets.xcassets */ = {isa = PBXFileReference; lastKnownFileType = folder.assetcatalog; path = Assets.xcassets; sourceTree = "<group>"; };
		B9B7609B2141F7160078364F /* Base */ = {isa = PBXFileReference; lastKnownFileType = file.storyboard; name = Base; path = Base.lproj/LaunchScreen.storyboard; sourceTree = "<group>"; };
		B9B7609D2141F7160078364F /* Info.plist */ = {isa = PBXFileReference; lastKnownFileType = text.plist.xml; path = Info.plist; sourceTree = "<group>"; };
		B9B760A22141F7170078364F /* TumblrTests.xctest */ = {isa = PBXFileReference; explicitFileType = wrapper.cfbundle; includeInIndex = 0; path = TumblrTests.xctest; sourceTree = BUILT_PRODUCTS_DIR; };
		B9B760A62141F7170078364F /* TumblrTests.swift */ = {isa = PBXFileReference; lastKnownFileType = sourcecode.swift; path = TumblrTests.swift; sourceTree = "<group>"; };
		B9B760A82141F7170078364F /* Info.plist */ = {isa = PBXFileReference; lastKnownFileType = text.plist.xml; path = Info.plist; sourceTree = "<group>"; };
		B9B760AD2141F7170078364F /* TumblrUITests.xctest */ = {isa = PBXFileReference; explicitFileType = wrapper.cfbundle; includeInIndex = 0; path = TumblrUITests.xctest; sourceTree = BUILT_PRODUCTS_DIR; };
		B9B760B12141F7170078364F /* TumblrUITests.swift */ = {isa = PBXFileReference; lastKnownFileType = sourcecode.swift; path = TumblrUITests.swift; sourceTree = "<group>"; };
		B9B760B32141F7170078364F /* Info.plist */ = {isa = PBXFileReference; lastKnownFileType = text.plist.xml; path = Info.plist; sourceTree = "<group>"; };
/* End PBXFileReference section */

/* Begin PBXFrameworksBuildPhase section */
		B9B7608B2141F7160078364F /* Frameworks */ = {
			isa = PBXFrameworksBuildPhase;
			buildActionMask = 2147483647;
			files = (
			);
			runOnlyForDeploymentPostprocessing = 0;
		};
		B9B7609F2141F7170078364F /* Frameworks */ = {
			isa = PBXFrameworksBuildPhase;
			buildActionMask = 2147483647;
			files = (
			);
			runOnlyForDeploymentPostprocessing = 0;
		};
		B9B760AA2141F7170078364F /* Frameworks */ = {
			isa = PBXFrameworksBuildPhase;
			buildActionMask = 2147483647;
			files = (
			);
			runOnlyForDeploymentPostprocessing = 0;
		};
/* End PBXFrameworksBuildPhase section */

/* Begin PBXGroup section */
		B9B760852141F7160078364F = {
			isa = PBXGroup;
			children = (
				B9B760902141F7160078364F /* Tumblr */,
				B9B760A52141F7170078364F /* TumblrTests */,
				B9B760B02141F7170078364F /* TumblrUITests */,
				B9B7608F2141F7160078364F /* Products */,
			);
			sourceTree = "<group>";
		};
		B9B7608F2141F7160078364F /* Products */ = {
			isa = PBXGroup;
			children = (
				B9B7608E2141F7160078364F /* Tumblr.app */,
				B9B760A22141F7170078364F /* TumblrTests.xctest */,
				B9B760AD2141F7170078364F /* TumblrUITests.xctest */,
			);
			name = Products;
			sourceTree = "<group>";
		};
		B9B760902141F7160078364F /* Tumblr */ = {
			isa = PBXGroup;
			children = (
				B9B760912141F7160078364F /* AppDelegate.swift */,
				B9B760932141F7160078364F /* ViewController.swift */,
				B9B760952141F7160078364F /* Main.storyboard */,
				B9B760982141F7160078364F /* Assets.xcassets */,
				B9B7609A2141F7160078364F /* LaunchScreen.storyboard */,
				B9B7609D2141F7160078364F /* Info.plist */,
			);
			path = Tumblr;
			sourceTree = "<group>";
		};
		B9B760A52141F7170078364F /* TumblrTests */ = {
			isa = PBXGroup;
			children = (
				B9B760A62141F7170078364F /* TumblrTests.swift */,
				B9B760A82141F7170078364F /* Info.plist */,
			);
			path = TumblrTests;
			sourceTree = "<group>";
		};
		B9B760B02141F7170078364F /* TumblrUITests */ = {
			isa = PBXGroup;
			children = (
				B9B760B12141F7170078364F /* TumblrUITests.swift */,
				B9B760B32141F7170078364F /* Info.plist */,
			);
			path = TumblrUITests;
			sourceTree = "<group>";
		};
/* End PBXGroup section */

/* Begin PBXNativeTarget section */
		B9B7608D2141F7160078364F /* Tumblr */ = {
			isa = PBXNativeTarget;
			buildConfigurationList = B9B760B62141F7170078364F /* Build configuration list for PBXNativeTarget "Tumblr" */;
			buildPhases = (
				B9B7608A2141F7160078364F /* Sources */,
				B9B7608B2141F7160078364F /* Frameworks */,
				B9B7608C2141F7160078364F /* Resources */,
			);
			buildRules = (
			);
			dependencies = (
			);
			name = Tumblr;
			productName = Tumblr;
			productReference = B9B7608E2141F7160078364F /* Tumblr.app */;
			productType = "com.apple.product-type.application";
		};
		B9B760A12141F7170078364F /* TumblrTests */ = {
			isa = PBXNativeTarget;
			buildConfigurationList = B9B760B92141F7170078364F /* Build configuration list for PBXNativeTarget "TumblrTests" */;
			buildPhases = (
				B9B7609E2141F7170078364F /* Sources */,
				B9B7609F2141F7170078364F /* Frameworks */,
				B9B760A02141F7170078364F /* Resources */,
			);
			buildRules = (
			);
			dependencies = (
				B9B760A42141F7170078364F /* PBXTargetDependency */,
			);
			name = TumblrTests;
			productName = TumblrTests;
			productReference = B9B760A22141F7170078364F /* TumblrTests.xctest */;
			productType = "com.apple.product-type.bundle.unit-test";
		};
		B9B760AC2141F7170078364F /* TumblrUITests */ = {
			isa = PBXNativeTarget;
			buildConfigurationList = B9B760BC2141F7170078364F /* Build configuration list for PBXNativeTarget "TumblrUITests" */;
			buildPhases = (
				B9B760A92141F7170078364F /* Sources */,
				B9B760AA2141F7170078364F /* Frameworks */,
				B9B760AB2141F7170078364F /* Resources */,
			);
			buildRules = (
			);
			dependencies = (
				B9B760AF2141F7170078364F /* PBXTargetDependency */,
			);
			name = TumblrUITests;
			productName = TumblrUITests;
			productReference = B9B760AD2141F7170078364F /* TumblrUITests.xctest */;
			productType = "com.apple.product-type.bundle.ui-testing";
		};
/* End PBXNativeTarget section */

/* Begin PBXProject section */
		B9B760862141F7160078364F /* Project object */ = {
			isa = PBXProject;
			attributes = {
				LastSwiftUpdateCheck = 0920;
				LastUpgradeCheck = 0920;
				ORGANIZATIONNAME = "Jinan Huang";
				TargetAttributes = {
					B9B7608D2141F7160078364F = {
						CreatedOnToolsVersion = 9.2;
						ProvisioningStyle = Automatic;
					};
					B9B760A12141F7170078364F = {
						CreatedOnToolsVersion = 9.2;
						ProvisioningStyle = Automatic;
						TestTargetID = B9B7608D2141F7160078364F;
					};
					B9B760AC2141F7170078364F = {
						CreatedOnToolsVersion = 9.2;
						ProvisioningStyle = Automatic;
						TestTargetID = B9B7608D2141F7160078364F;
					};
				};
			};
			buildConfigurationList = B9B760892141F7160078364F /* Build configuration list for PBXProject "Tumblr" */;
			compatibilityVersion = "Xcode 8.0";
			developmentRegion = en;
			hasScannedForEncodings = 0;
			knownRegions = (
				en,
				Base,
			);
			mainGroup = B9B760852141F7160078364F;
			productRefGroup = B9B7608F2141F7160078364F /* Products */;
			projectDirPath = "";
			projectRoot = "";
			targets = (
				B9B7608D2141F7160078364F /* Tumblr */,
				B9B760A12141F7170078364F /* TumblrTests */,
				B9B760AC2141F7170078364F /* TumblrUITests */,
			);
		};
/* End PBXProject section */

/* Begin PBXResourcesBuildPhase section */
		B9B7608C2141F7160078364F /* Resources */ = {
			isa = PBXResourcesBuildPhase;
			buildActionMask = 2147483647;
			files = (
				B9B7609C2141F7160078364F /* LaunchScreen.storyboard in Resources */,
				B9B760992141F7160078364F /* Assets.xcassets in Resources */,
				B9B760972141F7160078364F /* Main.storyboard in Resources */,
			);
			runOnlyForDeploymentPostprocessing = 0;
		};
		B9B760A02141F7170078364F /* Resources */ = {
			isa = PBXResourcesBuildPhase;
			buildActionMask = 2147483647;
			files = (
			);
			runOnlyForDeploymentPostprocessing = 0;
		};
		B9B760AB2141F7170078364F /* Resources */ = {
			isa = PBXResourcesBuildPhase;
			buildActionMask = 2147483647;
			files = (
			);
			runOnlyForDeploymentPostprocessing = 0;
		};
/* End PBXResourcesBuildPhase section */

/* Begin PBXSourcesBuildPhase section */
		B9B7608A2141F7160078364F /* Sources */ = {
			isa = PBXSourcesBuildPhase;
			buildActionMask = 2147483647;
			files = (
				B9B760942141F7160078364F /* ViewController.swift in Sources */,
				B9B760922141F7160078364F /* AppDelegate.swift in Sources */,
			);
			runOnlyForDeploymentPostprocessing = 0;
		};
		B9B7609E2141F7170078364F /* Sources */ = {
			isa = PBXSourcesBuildPhase;
			buildActionMask = 2147483647;
			files = (
				B9B760A72141F7170078364F /* TumblrTests.swift in Sources */,
			);
			runOnlyForDeploymentPostprocessing = 0;
		};
		B9B760A92141F7170078364F /* Sources */ = {
			isa = PBXSourcesBuildPhase;
			buildActionMask = 2147483647;
			files = (
				B9B760B22141F7170078364F /* TumblrUITests.swift in Sources */,
			);
			runOnlyForDeploymentPostprocessing = 0;
		};
/* End PBXSourcesBuildPhase section */

/* Begin PBXTargetDependency section */
		B9B760A42141F7170078364F /* PBXTargetDependency */ = {
			isa = PBXTargetDependency;
			target = B9B7608D2141F7160078364F /* Tumblr */;
			targetProxy = B9B760A32141F7170078364F /* PBXContainerItemProxy */;
		};
		B9B760AF2141F7170078364F /* PBXTargetDependency */ = {
			isa = PBXTargetDependency;
			target = B9B7608D2141F7160078364F /* Tumblr */;
			targetProxy = B9B760AE2141F7170078364F /* PBXContainerItemProxy */;
		};
/* End PBXTargetDependency section */

/* Begin PBXVariantGroup section */
		B9B760952141F7160078364F /* Main.storyboard */ = {
			isa = PBXVariantGroup;
			children = (
				B9B760962141F7160078364F /* Base */,
			);
			name = Main.storyboard;
			sourceTree = "<group>";
		};
		B9B7609A2141F7160078364F /* LaunchScreen.storyboard */ = {
			isa = PBXVariantGroup;
			children = (
				B9B7609B2141F7160078364F /* Base */,
			);
			name = LaunchScreen.storyboard;
			sourceTree = "<group>";
		};
/* End PBXVariantGroup section */

/* Begin XCBuildConfiguration section */
		B9B760B42141F7170078364F /* Debug */ = {
			isa = XCBuildConfiguration;
			buildSettings = {
				ALWAYS_SEARCH_USER_PATHS = NO;
				CLANG_ANALYZER_NONNULL = YES;
				CLANG_ANALYZER_NUMBER_OBJECT_CONVERSION = YES_AGGRESSIVE;
				CLANG_CXX_LANGUAGE_STANDARD = "gnu++14";
				CLANG_CXX_LIBRARY = "libc++";
				CLANG_ENABLE_MODULES = YES;
				CLANG_ENABLE_OBJC_ARC = YES;
				CLANG_WARN_BLOCK_CAPTURE_AUTORELEASING = YES;
				CLANG_WARN_BOOL_CONVERSION = YES;
				CLANG_WARN_COMMA = YES;
				CLANG_WARN_CONSTANT_CONVERSION = YES;
				CLANG_WARN_DIRECT_OBJC_ISA_USAGE = YES_ERROR;
				CLANG_WARN_DOCUMENTATION_COMMENTS = YES;
				CLANG_WARN_EMPTY_BODY = YES;
				CLANG_WARN_ENUM_CONVERSION = YES;
				CLANG_WARN_INFINITE_RECURSION = YES;
				CLANG_WARN_INT_CONVERSION = YES;
				CLANG_WARN_NON_LITERAL_NULL_CONVERSION = YES;
				CLANG_WARN_OBJC_LITERAL_CONVERSION = YES;
				CLANG_WARN_OBJC_ROOT_CLASS = YES_ERROR;
				CLANG_WARN_RANGE_LOOP_ANALYSIS = YES;
				CLANG_WARN_STRICT_PROTOTYPES = YES;
				CLANG_WARN_SUSPICIOUS_MOVE = YES;
				CLANG_WARN_UNGUARDED_AVAILABILITY = YES_AGGRESSIVE;
				CLANG_WARN_UNREACHABLE_CODE = YES;
				CLANG_WARN__DUPLICATE_METHOD_MATCH = YES;
				CODE_SIGN_IDENTITY = "iPhone Developer";
				COPY_PHASE_STRIP = NO;
				DEBUG_INFORMATION_FORMAT = dwarf;
				ENABLE_STRICT_OBJC_MSGSEND = YES;
				ENABLE_TESTABILITY = YES;
				GCC_C_LANGUAGE_STANDARD = gnu11;
				GCC_DYNAMIC_NO_PIC = NO;
				GCC_NO_COMMON_BLOCKS = YES;
				GCC_OPTIMIZATION_LEVEL = 0;
				GCC_PREPROCESSOR_DEFINITIONS = (
					"DEBUG=1",
					"$(inherited)",
				);
				GCC_WARN_64_TO_32_BIT_CONVERSION = YES;
				GCC_WARN_ABOUT_RETURN_TYPE = YES_ERROR;
				GCC_WARN_UNDECLARED_SELECTOR = YES;
				GCC_WARN_UNINITIALIZED_AUTOS = YES_AGGRESSIVE;
				GCC_WARN_UNUSED_FUNCTION = YES;
				GCC_WARN_UNUSED_VARIABLE = YES;
				IPHONEOS_DEPLOYMENT_TARGET = 11.2;
				MTL_ENABLE_DEBUG_INFO = YES;
				ONLY_ACTIVE_ARCH = YES;
				SDKROOT = iphoneos;
				SWIFT_ACTIVE_COMPILATION_CONDITIONS = DEBUG;
				SWIFT_OPTIMIZATION_LEVEL = "-Onone";
			};
			name = Debug;
		};
		B9B760B52141F7170078364F /* Release */ = {
			isa = XCBuildConfiguration;
			buildSettings = {
				ALWAYS_SEARCH_USER_PATHS = NO;
				CLANG_ANALYZER_NONNULL = YES;
				CLANG_ANALYZER_NUMBER_OBJECT_CONVERSION = YES_AGGRESSIVE;
				CLANG_CXX_LANGUAGE_STANDARD = "gnu++14";
				CLANG_CXX_LIBRARY = "libc++";
				CLANG_ENABLE_MODULES = YES;
				CLANG_ENABLE_OBJC_ARC = YES;
				CLANG_WARN_BLOCK_CAPTURE_AUTORELEASING = YES;
				CLANG_WARN_BOOL_CONVERSION = YES;
				CLANG_WARN_COMMA = YES;
				CLANG_WARN_CONSTANT_CONVERSION = YES;
				CLANG_WARN_DIRECT_OBJC_ISA_USAGE = YES_ERROR;
				CLANG_WARN_DOCUMENTATION_COMMENTS = YES;
				CLANG_WARN_EMPTY_BODY = YES;
				CLANG_WARN_ENUM_CONVERSION = YES;
				CLANG_WARN_INFINITE_RECURSION = YES;
				CLANG_WARN_INT_CONVERSION = YES;
				CLANG_WARN_NON_LITERAL_NULL_CONVERSION = YES;
				CLANG_WARN_OBJC_LITERAL_CONVERSION = YES;
				CLANG_WARN_OBJC_ROOT_CLASS = YES_ERROR;
				CLANG_WARN_RANGE_LOOP_ANALYSIS = YES;
				CLANG_WARN_STRICT_PROTOTYPES = YES;
				CLANG_WARN_SUSPICIOUS_MOVE = YES;
				CLANG_WARN_UNGUARDED_AVAILABILITY = YES_AGGRESSIVE;
				CLANG_WARN_UNREACHABLE_CODE = YES;
				CLANG_WARN__DUPLICATE_METHOD_MATCH = YES;
				CODE_SIGN_IDENTITY = "iPhone Developer";
				COPY_PHASE_STRIP = NO;
				DEBUG_INFORMATION_FORMAT = "dwarf-with-dsym";
				ENABLE_NS_ASSERTIONS = NO;
				ENABLE_STRICT_OBJC_MSGSEND = YES;
				GCC_C_LANGUAGE_STANDARD = gnu11;
				GCC_NO_COMMON_BLOCKS = YES;
				GCC_WARN_64_TO_32_BIT_CONVERSION = YES;
				GCC_WARN_ABOUT_RETURN_TYPE = YES_ERROR;
				GCC_WARN_UNDECLARED_SELECTOR = YES;
				GCC_WARN_UNINITIALIZED_AUTOS = YES_AGGRESSIVE;
				GCC_WARN_UNUSED_FUNCTION = YES;
				GCC_WARN_UNUSED_VARIABLE = YES;
				IPHONEOS_DEPLOYMENT_TARGET = 11.2;
				MTL_ENABLE_DEBUG_INFO = NO;
				SDKROOT = iphoneos;
				SWIFT_OPTIMIZATION_LEVEL = "-Owholemodule";
				VALIDATE_PRODUCT = YES;
			};
			name = Release;
		};
		B9B760B72141F7170078364F /* Debug */ = {
			isa = XCBuildConfiguration;
			buildSettings = {
				ASSETCATALOG_COMPILER_APPICON_NAME = AppIcon;
				CODE_SIGN_STYLE = Automatic;
				INFOPLIST_FILE = Tumblr/Info.plist;
				LD_RUNPATH_SEARCH_PATHS = "$(inherited) @executable_path/Frameworks";
				PRODUCT_BUNDLE_IDENTIFIER = "-.Tumblr";
				PRODUCT_NAME = "$(TARGET_NAME)";
				SWIFT_VERSION = 4.0;
				TARGETED_DEVICE_FAMILY = "1,2";
			};
			name = Debug;
		};
		B9B760B82141F7170078364F /* Release */ = {
			isa = XCBuildConfiguration;
			buildSettings = {
				ASSETCATALOG_COMPILER_APPICON_NAME = AppIcon;
				CODE_SIGN_STYLE = Automatic;
				INFOPLIST_FILE = Tumblr/Info.plist;
				LD_RUNPATH_SEARCH_PATHS = "$(inherited) @executable_path/Frameworks";
				PRODUCT_BUNDLE_IDENTIFIER = "-.Tumblr";
				PRODUCT_NAME = "$(TARGET_NAME)";
				SWIFT_VERSION = 4.0;
				TARGETED_DEVICE_FAMILY = "1,2";
			};
			name = Release;
		};
		B9B760BA2141F7170078364F /* Debug */ = {
			isa = XCBuildConfiguration;
			buildSettings = {
				ALWAYS_EMBED_SWIFT_STANDARD_LIBRARIES = YES;
				BUNDLE_LOADER = "$(TEST_HOST)";
				CODE_SIGN_STYLE = Automatic;
				INFOPLIST_FILE = TumblrTests/Info.plist;
				LD_RUNPATH_SEARCH_PATHS = "$(inherited) @executable_path/Frameworks @loader_path/Frameworks";
				PRODUCT_BUNDLE_IDENTIFIER = "-.TumblrTests";
				PRODUCT_NAME = "$(TARGET_NAME)";
				SWIFT_VERSION = 4.0;
				TARGETED_DEVICE_FAMILY = "1,2";
				TEST_HOST = "$(BUILT_PRODUCTS_DIR)/Tumblr.app/Tumblr";
			};
			name = Debug;
		};
		B9B760BB2141F7170078364F /* Release */ = {
			isa = XCBuildConfiguration;
			buildSettings = {
				ALWAYS_EMBED_SWIFT_STANDARD_LIBRARIES = YES;
				BUNDLE_LOADER = "$(TEST_HOST)";
				CODE_SIGN_STYLE = Automatic;
				INFOPLIST_FILE = TumblrTests/Info.plist;
				LD_RUNPATH_SEARCH_PATHS = "$(inherited) @executable_path/Frameworks @loader_path/Frameworks";
				PRODUCT_BUNDLE_IDENTIFIER = "-.TumblrTests";
				PRODUCT_NAME = "$(TARGET_NAME)";
				SWIFT_VERSION = 4.0;
				TARGETED_DEVICE_FAMILY = "1,2";
				TEST_HOST = "$(BUILT_PRODUCTS_DIR)/Tumblr.app/Tumblr";
			};
			name = Release;
		};
		B9B760BD2141F7170078364F /* Debug */ = {
			isa = XCBuildConfiguration;
			buildSettings = {
				ALWAYS_EMBED_SWIFT_STANDARD_LIBRARIES = YES;
				CODE_SIGN_STYLE = Automatic;
				INFOPLIST_FILE = TumblrUITests/Info.plist;
				LD_RUNPATH_SEARCH_PATHS = "$(inherited) @executable_path/Frameworks @loader_path/Frameworks";
				PRODUCT_BUNDLE_IDENTIFIER = "-.TumblrUITests";
				PRODUCT_NAME = "$(TARGET_NAME)";
				SWIFT_VERSION = 4.0;
				TARGETED_DEVICE_FAMILY = "1,2";
				TEST_TARGET_NAME = Tumblr;
			};
			name = Debug;
		};
		B9B760BE2141F7170078364F /* Release */ = {
			isa = XCBuildConfiguration;
			buildSettings = {
				ALWAYS_EMBED_SWIFT_STANDARD_LIBRARIES = YES;
				CODE_SIGN_STYLE = Automatic;
				INFOPLIST_FILE = TumblrUITests/Info.plist;
				LD_RUNPATH_SEARCH_PATHS = "$(inherited) @executable_path/Frameworks @loader_path/Frameworks";
				PRODUCT_BUNDLE_IDENTIFIER = "-.TumblrUITests";
				PRODUCT_NAME = "$(TARGET_NAME)";
				SWIFT_VERSION = 4.0;
				TARGETED_DEVICE_FAMILY = "1,2";
				TEST_TARGET_NAME = Tumblr;
			};
			name = Release;
		};
/* End XCBuildConfiguration section */

/* Begin XCConfigurationList section */
		B9B760892141F7160078364F /* Build configuration list for PBXProject "Tumblr" */ = {
			isa = XCConfigurationList;
			buildConfigurations = (
				B9B760B42141F7170078364F /* Debug */,
				B9B760B52141F7170078364F /* Release */,
			);
			defaultConfigurationIsVisible = 0;
			defaultConfigurationName = Release;
		};
		B9B760B62141F7170078364F /* Build configuration list for PBXNativeTarget "Tumblr" */ = {
			isa = XCConfigurationList;
			buildConfigurations = (
				B9B760B72141F7170078364F /* Debug */,
				B9B760B82141F7170078364F /* Release */,
			);
			defaultConfigurationIsVisible = 0;
			defaultConfigurationName = Release;
		};
		B9B760B92141F7170078364F /* Build configuration list for PBXNativeTarget "TumblrTests" */ = {
			isa = XCConfigurationList;
			buildConfigurations = (
				B9B760BA2141F7170078364F /* Debug */,
				B9B760BB2141F7170078364F /* Release */,
			);
			defaultConfigurationIsVisible = 0;
			defaultConfigurationName = Release;
		};
		B9B760BC2141F7170078364F /* Build configuration list for PBXNativeTarget "TumblrUITests" */ = {
			isa = XCConfigurationList;
			buildConfigurations = (
				B9B760BD2141F7170078364F /* Debug */,
				B9B760BE2141F7170078364F /* Release */,
			);
			defaultConfigurationIsVisible = 0;
			defaultConfigurationName = Release;
		};
/* End XCConfigurationList section */
	};
	rootObject = B9B760862141F7160078364F /* Project object */;
}
